<?xml version="1.0" encoding="utf-8"?>
<Project ToolsVersion="4.0" xmlns="http://schemas.microsoft.com/developer/msbuild/2003">
  <ItemGroup>
    <Filter Include="excimer">
      <UniqueIdentifier>{D28B9F81-3E6B-1E1D-4783-A9F3B3E1847E}</UniqueIdentifier>
    </Filter>
    <Filter Include="excimer\core">
      <UniqueIdentifier>{8A6F7487-76D2-032C-1F58-3CE20B9ACFAE}</UniqueIdentifier>
    </Filter>
    <Filter Include="excimer\core\os">
      <UniqueIdentifier>{FB911E00-671D-8CC4-702E-0FB9DC38E8C4}</UniqueIdentifier>
    </Filter>
    <Filter Include="excimer\core\os\allocators">
      <UniqueIdentifier>{FE18B6EA-EA28-62BB-53E2-C6D93F115154}</UniqueIdentifier>
    </Filter>
    <Filter Include="excimer\embedded">
      <UniqueIdentifier>{6B574A1D-5750-696F-8082-4EF46CDA487B}</UniqueIdentifier>
    </Filter>
    <Filter Include="excimer\events">
      <UniqueIdentifier>{968B703B-8259-6441-6BED-D467575A40A6}</UniqueIdentifier>
    </Filter>
    <Filter Include="excimer\graphics">
      <UniqueIdentifier>{725C2575-5E55-44C7-8787-294C73DF23D3}</UniqueIdentifier>
    </Filter>
    <Filter Include="excimer\graphics\camera">
      <UniqueIdentifier>{CA504F87-3688-971E-3F92-FB41AB48BE17}</UniqueIdentifier>
    </Filter>
    <Filter Include="excimer\graphics\modelloader">
      <UniqueIdentifier>{4944418E-35FF-303A-DEB6-A984CA507BCA}</UniqueIdentifier>
    </Filter>
    <Filter Include="excimer\graphics\renderers">
      <UniqueIdentifier>{EBEB5273-D7FB-FE43-40B5-63622CE4EDDC}</UniqueIdentifier>
    </Filter>
    <Filter Include="excimer\graphics\rhi">
      <UniqueIdentifier>{04FE9D08-F08C-27D2-99AB-3BCD85193878}</UniqueIdentifier>
    </Filter>
    <Filter Include="excimer\imgui">
      <UniqueIdentifier>{BCAE6D76-286F-E9AC-F1A9-322A5D292E89}</UniqueIdentifier>
    </Filter>
    <Filter Include="excimer\maths">
      <UniqueIdentifier>{DEB1AF76-4A72-2BAD-13AD-742A7F2C7089}</UniqueIdentifier>
    </Filter>
    <Filter Include="excimer\platform">
      <UniqueIdentifier>{86D0DFF5-72C9-FE47-9BFB-E3CC8753DE53}</UniqueIdentifier>
    </Filter>
    <Filter Include="excimer\platform\glfw">
      <UniqueIdentifier>{05E861E6-7154-1DE1-3A48-B53EA6733F49}</UniqueIdentifier>
    </Filter>
    <Filter Include="excimer\platform\vulkan">
      <UniqueIdentifier>{665F1F2A-D296-67C1-DBA0-CBE447578EBA}</UniqueIdentifier>
    </Filter>
    <Filter Include="excimer\platform\windows">
      <UniqueIdentifier>{E038289F-CC5D-771F-F5A8-5CAFE12C763D}</UniqueIdentifier>
    </Filter>
    <Filter Include="excimer\scene">
      <UniqueIdentifier>{8F1E1D77-FBDE-98AD-C419-E22A3099DD89}</UniqueIdentifier>
    </Filter>
    <Filter Include="excimer\scene\component">
      <UniqueIdentifier>{D1D5E329-3D0D-2CC1-4617-90E4B2CD52BA}</UniqueIdentifier>
    </Filter>
    <Filter Include="excimer\utilities">
      <UniqueIdentifier>{DD3EB8AF-4955-B645-92CC-4167FE2187CD}</UniqueIdentifier>
    </Filter>
  </ItemGroup>
  <ItemGroup>
    <ClInclude Include="src\excimer\core\Application.h">
      <Filter>excimer\core</Filter>
    </ClInclude>
    <ClInclude Include="src\excimer\core\Asset.h">
      <Filter>excimer\core</Filter>
    </ClInclude>
    <ClInclude Include="src\excimer\core\Buffer.h">
      <Filter>excimer\core</Filter>
    </ClInclude>
    <ClInclude Include="src\excimer\core\Core.h">
      <Filter>excimer\core</Filter>
    </ClInclude>
    <ClInclude Include="src\excimer\core\CoreSystem.h">
      <Filter>excimer\core</Filter>
    </ClInclude>
    <ClInclude Include="src\excimer\core\Engine.h">
      <Filter>excimer\core</Filter>
    </ClInclude>
    <ClInclude Include="src\excimer\core\EntryPoint.h">
      <Filter>excimer\core</Filter>
    </ClInclude>
    <ClInclude Include="src\excimer\core\ExLog.h">
      <Filter>excimer\core</Filter>
    </ClInclude>
    <ClInclude Include="src\excimer\core\JobSystem.h">
      <Filter>excimer\core</Filter>
    </ClInclude>
    <ClInclude Include="src\excimer\core\Profiler.h">
      <Filter>excimer\core</Filter>
    </ClInclude>
    <ClInclude Include="src\excimer\core\Reference.h">
      <Filter>excimer\core</Filter>
    </ClInclude>
    <ClInclude Include="src\excimer\core\ReferenceCounter.h">
      <Filter>excimer\core</Filter>
    </ClInclude>
    <ClInclude Include="src\excimer\core\StringUtilities.h">
      <Filter>excimer\core</Filter>
    </ClInclude>
    <ClInclude Include="src\excimer\core\UUID.h">
      <Filter>excimer\core</Filter>
    </ClInclude>
    <ClInclude Include="src\excimer\core\VFS.h">
      <Filter>excimer\core</Filter>
    </ClInclude>
    <ClInclude Include="src\excimer\core\Version.h">
      <Filter>excimer\core</Filter>
    </ClInclude>
    <ClInclude Include="src\excimer\core\os\FileSystem.h">
      <Filter>excimer\core\os</Filter>
    </ClInclude>
    <ClInclude Include="src\excimer\core\os\Input.h">
      <Filter>excimer\core\os</Filter>
    </ClInclude>
    <ClInclude Include="src\excimer\core\os\KeyCodes.h">
      <Filter>excimer\core\os</Filter>
    </ClInclude>
    <ClInclude Include="src\excimer\core\os\Memory.h">
      <Filter>excimer\core\os</Filter>
    </ClInclude>
    <ClInclude Include="src\excimer\core\os\MemoryManager.h">
      <Filter>excimer\core\os</Filter>
    </ClInclude>
    <ClInclude Include="src\excimer\core\os\Window.h">
      <Filter>excimer\core\os</Filter>
    </ClInclude>
    <ClInclude Include="src\excimer\core\os\allocators\Allocator.h">
      <Filter>excimer\core\os\allocators</Filter>
    </ClInclude>
    <ClInclude Include="src\excimer\core\os\allocators\BinAllocator.h">
      <Filter>excimer\core\os\allocators</Filter>
    </ClInclude>
    <ClInclude Include="src\excimer\core\os\allocators\DefaultAllocator.h">
      <Filter>excimer\core\os\allocators</Filter>
    </ClInclude>
    <ClInclude Include="src\excimer\core\os\allocators\StbAllocator.h">
      <Filter>excimer\core\os\allocators</Filter>
    </ClInclude>
    <ClInclude Include="src\excimer\core\os\os.h">
      <Filter>excimer\core\os</Filter>
    </ClInclude>
    <ClInclude Include="src\excimer\embedded\EmbedAsset.h">
      <Filter>excimer\embedded</Filter>
    </ClInclude>
    <ClInclude Include="src\excimer\events\ApplicationEvent.h">
      <Filter>excimer\events</Filter>
    </ClInclude>
    <ClInclude Include="src\excimer\events\Event.h">
      <Filter>excimer\events</Filter>
    </ClInclude>
    <ClInclude Include="src\excimer\events\KeyEvent.h">
      <Filter>excimer\events</Filter>
    </ClInclude>
    <ClInclude Include="src\excimer\events\MouseEvent.h">
      <Filter>excimer\events</Filter>
    </ClInclude>
    <ClInclude Include="src\excimer\graphics\AnimatedSprite.h">
      <Filter>excimer\graphics</Filter>
    </ClInclude>
    <ClInclude Include="src\excimer\graphics\Environment.h">
      <Filter>excimer\graphics</Filter>
    </ClInclude>
    <ClInclude Include="src\excimer\graphics\Font.h">
      <Filter>excimer\graphics</Filter>
    </ClInclude>
    <ClInclude Include="src\excimer\graphics\GBuffer.h">
      <Filter>excimer\graphics</Filter>
    </ClInclude>
    <ClInclude Include="src\excimer\graphics\Light.h">
      <Filter>excimer\graphics</Filter>
    </ClInclude>
    <ClInclude Include="src\excimer\graphics\MSDFData.h">
      <Filter>excimer\graphics</Filter>
    </ClInclude>
    <ClInclude Include="src\excimer\graphics\Material.h">
      <Filter>excimer\graphics</Filter>
    </ClInclude>
    <ClInclude Include="src\excimer\graphics\Mesh.h">
      <Filter>excimer\graphics</Filter>
    </ClInclude>
    <ClInclude Include="src\excimer\graphics\MeshFactory.h">
      <Filter>excimer\graphics</Filter>
    </ClInclude>
    <ClInclude Include="src\excimer\graphics\Model.h">
      <Filter>excimer\graphics</Filter>
    </ClInclude>
    <ClInclude Include="src\excimer\graphics\Renderable2D.h">
      <Filter>excimer\graphics</Filter>
    </ClInclude>
    <ClInclude Include="src\excimer\graphics\Sprite.h">
      <Filter>excimer\graphics</Filter>
    </ClInclude>
    <ClInclude Include="src\excimer\graphics\Terrain.h">
      <Filter>excimer\graphics</Filter>
    </ClInclude>
    <ClInclude Include="src\excimer\graphics\camera\Camera.h">
      <Filter>excimer\graphics\camera</Filter>
    </ClInclude>
    <ClInclude Include="src\excimer\graphics\camera\Camera2D.h">
      <Filter>excimer\graphics\camera</Filter>
    </ClInclude>
    <ClInclude Include="src\excimer\graphics\camera\CameraController.h">
      <Filter>excimer\graphics\camera</Filter>
    </ClInclude>
    <ClInclude Include="src\excimer\graphics\camera\EditorCamera.h">
      <Filter>excimer\graphics\camera</Filter>
    </ClInclude>
    <ClInclude Include="src\excimer\graphics\camera\FPSCamera.h">
      <Filter>excimer\graphics\camera</Filter>
    </ClInclude>
    <ClInclude Include="src\excimer\graphics\camera\ThirdPersonCamera.h">
      <Filter>excimer\graphics\camera</Filter>
    </ClInclude>
    <ClInclude Include="src\excimer\graphics\renderers\DebugRenderer.h">
      <Filter>excimer\graphics\renderers</Filter>
    </ClInclude>
    <ClInclude Include="src\excimer\graphics\renderers\IRenderer.h">
      <Filter>excimer\graphics\renderers</Filter>
    </ClInclude>
    <ClInclude Include="src\excimer\graphics\renderers\RenderCommand.h">
      <Filter>excimer\graphics\renderers</Filter>
    </ClInclude>
    <ClInclude Include="src\excimer\graphics\renderers\RenderGraph.h">
      <Filter>excimer\graphics\renderers</Filter>
    </ClInclude>
    <ClInclude Include="src\excimer\graphics\rhi\BufferLayout.h">
      <Filter>excimer\graphics\rhi</Filter>
    </ClInclude>
    <ClInclude Include="src\excimer\graphics\rhi\CommandBuffer.h">
      <Filter>excimer\graphics\rhi</Filter>
    </ClInclude>
    <ClInclude Include="src\excimer\graphics\rhi\Defintions.h">
      <Filter>excimer\graphics\rhi</Filter>
    </ClInclude>
    <ClInclude Include="src\excimer\graphics\rhi\DescriptorSet.h">
      <Filter>excimer\graphics\rhi</Filter>
    </ClInclude>
    <ClInclude Include="src\excimer\graphics\rhi\Framebuffer.h">
      <Filter>excimer\graphics\rhi</Filter>
    </ClInclude>
    <ClInclude Include="src\excimer\graphics\rhi\GPUProfile.h">
      <Filter>excimer\graphics\rhi</Filter>
    </ClInclude>
    <ClInclude Include="src\excimer\graphics\rhi\GraphicsContext.h">
      <Filter>excimer\graphics\rhi</Filter>
    </ClInclude>
    <ClInclude Include="src\excimer\graphics\rhi\IMGUIRenderer.h">
      <Filter>excimer\graphics\rhi</Filter>
    </ClInclude>
    <ClInclude Include="src\excimer\graphics\rhi\IndexBuffer.h">
      <Filter>excimer\graphics\rhi</Filter>
    </ClInclude>
    <ClInclude Include="src\excimer\graphics\rhi\Pipeline.h">
      <Filter>excimer\graphics\rhi</Filter>
    </ClInclude>
    <ClInclude Include="src\excimer\graphics\rhi\RenderDevice.h">
      <Filter>excimer\graphics\rhi</Filter>
    </ClInclude>
    <ClInclude Include="src\excimer\graphics\rhi\RenderDoc.h">
      <Filter>excimer\graphics\rhi</Filter>
    </ClInclude>
    <ClInclude Include="src\excimer\graphics\rhi\RenderPass.h">
      <Filter>excimer\graphics\rhi</Filter>
    </ClInclude>
    <ClInclude Include="src\excimer\graphics\rhi\Renderer.h">
      <Filter>excimer\graphics\rhi</Filter>
    </ClInclude>
    <ClInclude Include="src\excimer\graphics\rhi\Shader.h">
      <Filter>excimer\graphics\rhi</Filter>
    </ClInclude>
    <ClInclude Include="src\excimer\graphics\rhi\SwapChain.h">
      <Filter>excimer\graphics\rhi</Filter>
    </ClInclude>
    <ClInclude Include="src\excimer\graphics\rhi\Texture.h">
      <Filter>excimer\graphics\rhi</Filter>
    </ClInclude>
    <ClInclude Include="src\excimer\graphics\rhi\UniformBuffer.h">
      <Filter>excimer\graphics\rhi</Filter>
    </ClInclude>
    <ClInclude Include="src\excimer\graphics\rhi\VertexBuffer.h">
      <Filter>excimer\graphics\rhi</Filter>
    </ClInclude>
    <ClInclude Include="src\excimer\imgui\IconsMaterialDesignIcons.h">
      <Filter>excimer\imgui</Filter>
    </ClInclude>
    <ClInclude Include="src\excimer\imgui\ImConfig.h">
      <Filter>excimer\imgui</Filter>
    </ClInclude>
    <ClInclude Include="src\excimer\imgui\ImGuiManager.h">
      <Filter>excimer\imgui</Filter>
    </ClInclude>
    <ClInclude Include="src\excimer\imgui\ImGuiUtilities.h">
      <Filter>excimer\imgui</Filter>
    </ClInclude>
    <ClInclude Include="src\excimer\maths\BoundingBox.h">
      <Filter>excimer\maths</Filter>
    </ClInclude>
    <ClInclude Include="src\excimer\maths\BoundingSphere.h">
      <Filter>excimer\maths</Filter>
    </ClInclude>
    <ClInclude Include="src\excimer\maths\Frustum.h">
      <Filter>excimer\maths</Filter>
    </ClInclude>
    <ClInclude Include="src\excimer\maths\Maths.h">
      <Filter>excimer\maths</Filter>
    </ClInclude>
    <ClInclude Include="src\excimer\maths\MathsUtilities.h">
      <Filter>excimer\maths</Filter>
    </ClInclude>
    <ClInclude Include="src\excimer\maths\Plane.h">
      <Filter>excimer\maths</Filter>
    </ClInclude>
    <ClInclude Include="src\excimer\maths\Random.h">
      <Filter>excimer\maths</Filter>
    </ClInclude>
    <ClInclude Include="src\excimer\maths\Ray.h">
      <Filter>excimer\maths</Filter>
    </ClInclude>
    <ClInclude Include="src\excimer\maths\Rect.h">
      <Filter>excimer\maths</Filter>
    </ClInclude>
    <ClInclude Include="src\excimer\maths\Transform.h">
      <Filter>excimer\maths</Filter>
    </ClInclude>
    <ClInclude Include="src\excimer\platform\glfw\GLFWKeyCodes.h">
      <Filter>excimer\platform\glfw</Filter>
    </ClInclude>
    <ClInclude Include="src\excimer\platform\glfw\GLFWWindow.h">
      <Filter>excimer\platform\glfw</Filter>
    </ClInclude>
    <ClInclude Include="src\excimer\platform\vulkan\VK.h">
      <Filter>excimer\platform\vulkan</Filter>
    </ClInclude>
    <ClInclude Include="src\excimer\platform\vulkan\VKBuffer.h">
      <Filter>excimer\platform\vulkan</Filter>
    </ClInclude>
    <ClInclude Include="src\excimer\platform\vulkan\VKCommandBuffer.h">
      <Filter>excimer\platform\vulkan</Filter>
    </ClInclude>
    <ClInclude Include="src\excimer\platform\vulkan\VKCommandPool.h">
      <Filter>excimer\platform\vulkan</Filter>
    </ClInclude>
    <ClInclude Include="src\excimer\platform\vulkan\VKContext.h">
      <Filter>excimer\platform\vulkan</Filter>
    </ClInclude>
    <ClInclude Include="src\excimer\platform\vulkan\VKDescriptorSet.h">
      <Filter>excimer\platform\vulkan</Filter>
    </ClInclude>
    <ClInclude Include="src\excimer\platform\vulkan\VKDevice.h">
      <Filter>excimer\platform\vulkan</Filter>
    </ClInclude>
    <ClInclude Include="src\excimer\platform\vulkan\VKFence.h">
      <Filter>excimer\platform\vulkan</Filter>
    </ClInclude>
    <ClInclude Include="src\excimer\platform\vulkan\VKFramebuffer.h">
      <Filter>excimer\platform\vulkan</Filter>
    </ClInclude>
    <ClInclude Include="src\excimer\platform\vulkan\VKFunctions.h">
      <Filter>excimer\platform\vulkan</Filter>
    </ClInclude>
    <ClInclude Include="src\excimer\platform\vulkan\VKIMGUIRenderer.h">
      <Filter>excimer\platform\vulkan</Filter>
    </ClInclude>
    <ClInclude Include="src\excimer\platform\vulkan\VKIndexBuffer.h">
      <Filter>excimer\platform\vulkan</Filter>
    </ClInclude>
    <ClInclude Include="src\excimer\platform\vulkan\VKInitialisers.h">
      <Filter>excimer\platform\vulkan</Filter>
    </ClInclude>
    <ClInclude Include="src\excimer\platform\vulkan\VKPipeline.h">
      <Filter>excimer\platform\vulkan</Filter>
    </ClInclude>
    <ClInclude Include="src\excimer\platform\vulkan\VKRenderDevice.h">
      <Filter>excimer\platform\vulkan</Filter>
    </ClInclude>
    <ClInclude Include="src\excimer\platform\vulkan\VKRenderPass.h">
      <Filter>excimer\platform\vulkan</Filter>
    </ClInclude>
    <ClInclude Include="src\excimer\platform\vulkan\VKRenderer.h">
      <Filter>excimer\platform\vulkan</Filter>
    </ClInclude>
    <ClInclude Include="src\excimer\platform\vulkan\VKShader.h">
      <Filter>excimer\platform\vulkan</Filter>
    </ClInclude>
    <ClInclude Include="src\excimer\platform\vulkan\VKSwapChain.h">
      <Filter>excimer\platform\vulkan</Filter>
    </ClInclude>
    <ClInclude Include="src\excimer\platform\vulkan\VKTexture.h">
      <Filter>excimer\platform\vulkan</Filter>
    </ClInclude>
    <ClInclude Include="src\excimer\platform\vulkan\VKUniformBuffer.h">
      <Filter>excimer\platform\vulkan</Filter>
    </ClInclude>
    <ClInclude Include="src\excimer\platform\vulkan\VKUtilities.h">
      <Filter>excimer\platform\vulkan</Filter>
    </ClInclude>
    <ClInclude Include="src\excimer\platform\vulkan\VKVertexBuffer.h">
      <Filter>excimer\platform\vulkan</Filter>
    </ClInclude>
    <ClInclude Include="src\excimer\platform\windows\WindowsOS.h">
      <Filter>excimer\platform\windows</Filter>
    </ClInclude>
    <ClInclude Include="src\excimer\platform\windows\WindowsUtilities.h">
      <Filter>excimer\platform\windows</Filter>
    </ClInclude>
    <ClInclude Include="src\excimer\scene\Entity.h">
      <Filter>excimer\scene</Filter>
    </ClInclude>
    <ClInclude Include="src\excimer\scene\EntityManager.h">
      <Filter>excimer\scene</Filter>
    </ClInclude>
    <ClInclude Include="src\excimer\scene\Scene.h">
      <Filter>excimer\scene</Filter>
    </ClInclude>
    <ClInclude Include="src\excimer\scene\SceneGraph.h">
      <Filter>excimer\scene</Filter>
    </ClInclude>
    <ClInclude Include="src\excimer\scene\SceneManager.h">
      <Filter>excimer\scene</Filter>
    </ClInclude>
    <ClInclude Include="src\excimer\scene\Serialisation.h">
      <Filter>excimer\scene</Filter>
    </ClInclude>
    <ClInclude Include="src\excimer\scene\component\Components.h">
      <Filter>excimer\scene\component</Filter>
    </ClInclude>
    <ClInclude Include="src\excimer\scene\component\ModelComponent.h">
      <Filter>excimer\scene\component</Filter>
    </ClInclude>
    <ClInclude Include="src\excimer\scene\component\TextureMatrixComponent.h">
      <Filter>excimer\scene\component</Filter>
    </ClInclude>
    <ClInclude Include="src\excimer\utilities\AssetManager.h">
      <Filter>excimer\utilities</Filter>
    </ClInclude>
    <ClInclude Include="src\excimer\utilities\CombineHash.h">
      <Filter>excimer\utilities</Filter>
    </ClInclude>
    <ClInclude Include="src\excimer\utilities\LoadImage.h">
      <Filter>excimer\utilities</Filter>
    </ClInclude>
    <ClInclude Include="src\excimer\utilities\TSingleton.h">
      <Filter>excimer\utilities</Filter>
    </ClInclude>
    <ClInclude Include="src\excimer\utilities\TimeStep.h">
      <Filter>excimer\utilities</Filter>
    </ClInclude>
    <ClInclude Include="src\excimer\utilities\Timer.h">
      <Filter>excimer\utilities</Filter>
    </ClInclude>
    <ClInclude Include="src\excimerengine.h" />
    <ClInclude Include="src\hzpch.h" />
    <ClInclude Include="src\excimer\scene\ISystem.h" />
    <ClInclude Include="src\excimer\scene\SystemManager.h" />
    <ClInclude Include="src\excimer\graphics\renderers\GridRenderer.h" />
  </ItemGroup>
  <ItemGroup>
    <ClCompile Include="src\excimer\core\Application.cpp">
      <Filter>excimer\core</Filter>
    </ClCompile>
    <ClCompile Include="src\excimer\core\CoreSystem.cpp">
      <Filter>excimer\core</Filter>
    </ClCompile>
    <ClCompile Include="src\excimer\core\Engine.cpp">
      <Filter>excimer\core</Filter>
    </ClCompile>
    <ClCompile Include="src\excimer\core\ExLog.cpp">
      <Filter>excimer\core</Filter>
    </ClCompile>
    <ClCompile Include="src\excimer\core\JobSystem.cpp">
      <Filter>excimer\core</Filter>
    </ClCompile>
    <ClCompile Include="src\excimer\core\Reference.cpp">
      <Filter>excimer\core</Filter>
    </ClCompile>
    <ClCompile Include="src\excimer\core\StringUtilities.cpp">
      <Filter>excimer\core</Filter>
    </ClCompile>
    <ClCompile Include="src\excimer\core\UUID.cpp">
      <Filter>excimer\core</Filter>
    </ClCompile>
    <ClCompile Include="src\excimer\core\VFS.cpp">
      <Filter>excimer\core</Filter>
    </ClCompile>
    <ClCompile Include="src\excimer\core\os\FileSystem.cpp">
      <Filter>excimer\core\os</Filter>
    </ClCompile>
    <ClCompile Include="src\excimer\core\os\Input.cpp">
      <Filter>excimer\core\os</Filter>
    </ClCompile>
    <ClCompile Include="src\excimer\core\os\Memory.cpp">
      <Filter>excimer\core\os</Filter>
    </ClCompile>
    <ClCompile Include="src\excimer\core\os\MemoryManager.cpp">
      <Filter>excimer\core\os</Filter>
    </ClCompile>
    <ClCompile Include="src\excimer\core\os\Window.cpp">
      <Filter>excimer\core\os</Filter>
    </ClCompile>
    <ClCompile Include="src\excimer\core\os\allocators\BinAllocator.cpp">
      <Filter>excimer\core\os\allocators</Filter>
    </ClCompile>
    <ClCompile Include="src\excimer\core\os\allocators\DefaultAllocator.cpp">
      <Filter>excimer\core\os\allocators</Filter>
    </ClCompile>
    <ClCompile Include="src\excimer\core\os\allocators\StbAllocator.cpp">
      <Filter>excimer\core\os\allocators</Filter>
    </ClCompile>
    <ClCompile Include="src\excimer\core\os\os.cpp">
      <Filter>excimer\core\os</Filter>
    </ClCompile>
    <ClCompile Include="src\excimer\embedded\EmbedAsset.cpp">
      <Filter>excimer\embedded</Filter>
    </ClCompile>
    <ClCompile Include="src\excimer\graphics\AnimatedSprite.cpp">
      <Filter>excimer\graphics</Filter>
    </ClCompile>
    <ClCompile Include="src\excimer\graphics\Environment.cpp">
      <Filter>excimer\graphics</Filter>
    </ClCompile>
    <ClCompile Include="src\excimer\graphics\Font.cpp">
      <Filter>excimer\graphics</Filter>
    </ClCompile>
    <ClCompile Include="src\excimer\graphics\GBuffer.cpp">
      <Filter>excimer\graphics</Filter>
    </ClCompile>
    <ClCompile Include="src\excimer\graphics\Light.cpp">
      <Filter>excimer\graphics</Filter>
    </ClCompile>
    <ClCompile Include="src\excimer\graphics\Material.cpp">
      <Filter>excimer\graphics</Filter>
    </ClCompile>
    <ClCompile Include="src\excimer\graphics\Mesh.cpp">
      <Filter>excimer\graphics</Filter>
    </ClCompile>
    <ClCompile Include="src\excimer\graphics\MeshFactory.cpp">
      <Filter>excimer\graphics</Filter>
    </ClCompile>
    <ClCompile Include="src\excimer\graphics\Model.cpp">
      <Filter>excimer\graphics</Filter>
    </ClCompile>
    <ClCompile Include="src\excimer\graphics\Renderable2D.cpp">
      <Filter>excimer\graphics</Filter>
    </ClCompile>
    <ClCompile Include="src\excimer\graphics\Sprite.cpp">
      <Filter>excimer\graphics</Filter>
    </ClCompile>
    <ClCompile Include="src\excimer\graphics\Terrain.cpp">
      <Filter>excimer\graphics</Filter>
    </ClCompile>
    <ClCompile Include="src\excimer\graphics\camera\Camera.cpp">
      <Filter>excimer\graphics\camera</Filter>
    </ClCompile>
    <ClCompile Include="src\excimer\graphics\camera\Camera2D.cpp">
      <Filter>excimer\graphics\camera</Filter>
    </ClCompile>
    <ClCompile Include="src\excimer\graphics\camera\EditorCamera.cpp">
      <Filter>excimer\graphics\camera</Filter>
    </ClCompile>
    <ClCompile Include="src\excimer\graphics\camera\FPSCamera.cpp">
      <Filter>excimer\graphics\camera</Filter>
    </ClCompile>
    <ClCompile Include="src\excimer\graphics\camera\ThirdPersonCamera.cpp">
      <Filter>excimer\graphics\camera</Filter>
    </ClCompile>
    <ClCompile Include="src\excimer\graphics\modelloader\FBXLoader.cpp">
      <Filter>excimer\graphics\modelloader</Filter>
    </ClCompile>
    <ClCompile Include="src\excimer\graphics\modelloader\GLTFLoader.cpp">
      <Filter>excimer\graphics\modelloader</Filter>
    </ClCompile>
    <ClCompile Include="src\excimer\graphics\modelloader\OBJLoader.cpp">
      <Filter>excimer\graphics\modelloader</Filter>
    </ClCompile>
    <ClCompile Include="src\excimer\graphics\renderers\DebugRenderer.cpp">
      <Filter>excimer\graphics\renderers</Filter>
    </ClCompile>
    <ClCompile Include="src\excimer\graphics\renderers\IRenderer.cpp">
      <Filter>excimer\graphics\renderers</Filter>
    </ClCompile>
    <ClCompile Include="src\excimer\graphics\renderers\RenderGraph.cpp">
      <Filter>excimer\graphics\renderers</Filter>
    </ClCompile>
    <ClCompile Include="src\excimer\graphics\rhi\BufferLayout.cpp">
      <Filter>excimer\graphics\rhi</Filter>
    </ClCompile>
    <ClCompile Include="src\excimer\graphics\rhi\CommandBuffer.cpp">
      <Filter>excimer\graphics\rhi</Filter>
    </ClCompile>
    <ClCompile Include="src\excimer\graphics\rhi\DescriptorSet.cpp">
      <Filter>excimer\graphics\rhi</Filter>
    </ClCompile>
    <ClCompile Include="src\excimer\graphics\rhi\Framebuffer.cpp">
      <Filter>excimer\graphics\rhi</Filter>
    </ClCompile>
    <ClCompile Include="src\excimer\graphics\rhi\GraphicsContext.cpp">
      <Filter>excimer\graphics\rhi</Filter>
    </ClCompile>
    <ClCompile Include="src\excimer\graphics\rhi\IMGUIRenderer.cpp">
      <Filter>excimer\graphics\rhi</Filter>
    </ClCompile>
    <ClCompile Include="src\excimer\graphics\rhi\IndexBuffer.cpp">
      <Filter>excimer\graphics\rhi</Filter>
    </ClCompile>
    <ClCompile Include="src\excimer\graphics\rhi\Pipeline.cpp">
      <Filter>excimer\graphics\rhi</Filter>
    </ClCompile>
    <ClCompile Include="src\excimer\graphics\rhi\RenderDevice.cpp">
      <Filter>excimer\graphics\rhi</Filter>
    </ClCompile>
    <ClCompile Include="src\excimer\graphics\rhi\RenderDoc.cpp">
      <Filter>excimer\graphics\rhi</Filter>
    </ClCompile>
    <ClCompile Include="src\excimer\graphics\rhi\RenderPass.cpp">
      <Filter>excimer\graphics\rhi</Filter>
    </ClCompile>
    <ClCompile Include="src\excimer\graphics\rhi\Renderer.cpp">
      <Filter>excimer\graphics\rhi</Filter>
    </ClCompile>
    <ClCompile Include="src\excimer\graphics\rhi\Shader.cpp">
      <Filter>excimer\graphics\rhi</Filter>
    </ClCompile>
    <ClCompile Include="src\excimer\graphics\rhi\SwapChain.cpp">
      <Filter>excimer\graphics\rhi</Filter>
    </ClCompile>
    <ClCompile Include="src\excimer\graphics\rhi\Texture.cpp">
      <Filter>excimer\graphics\rhi</Filter>
    </ClCompile>
    <ClCompile Include="src\excimer\graphics\rhi\UniformBuffer.cpp">
      <Filter>excimer\graphics\rhi</Filter>
    </ClCompile>
    <ClCompile Include="src\excimer\graphics\rhi\VertexBuffer.cpp">
      <Filter>excimer\graphics\rhi</Filter>
    </ClCompile>
    <ClCompile Include="src\excimer\imgui\ImGuiManager.cpp">
      <Filter>excimer\imgui</Filter>
    </ClCompile>
    <ClCompile Include="src\excimer\imgui\ImGuiUtilities.cpp">
      <Filter>excimer\imgui</Filter>
    </ClCompile>
    <ClCompile Include="src\excimer\maths\BoundingBox.cpp">
      <Filter>excimer\maths</Filter>
    </ClCompile>
    <ClCompile Include="src\excimer\maths\BoundingSphere.cpp">
      <Filter>excimer\maths</Filter>
    </ClCompile>
    <ClCompile Include="src\excimer\maths\Frustum.cpp">
      <Filter>excimer\maths</Filter>
    </ClCompile>
    <ClCompile Include="src\excimer\maths\Maths.cpp">
      <Filter>excimer\maths</Filter>
    </ClCompile>
    <ClCompile Include="src\excimer\maths\MathsUtilities.cpp">
      <Filter>excimer\maths</Filter>
    </ClCompile>
    <ClCompile Include="src\excimer\maths\Plane.cpp">
      <Filter>excimer\maths</Filter>
    </ClCompile>
    <ClCompile Include="src\excimer\maths\Random.cpp">
      <Filter>excimer\maths</Filter>
    </ClCompile>
    <ClCompile Include="src\excimer\maths\Ray.cpp">
      <Filter>excimer\maths</Filter>
    </ClCompile>
    <ClCompile Include="src\excimer\maths\Rect.cpp">
      <Filter>excimer\maths</Filter>
    </ClCompile>
    <ClCompile Include="src\excimer\maths\Transform.cpp">
      <Filter>excimer\maths</Filter>
    </ClCompile>
    <ClCompile Include="src\excimer\platform\glfw\GLFWWindow.cpp">
      <Filter>excimer\platform\glfw</Filter>
    </ClCompile>
    <ClCompile Include="src\excimer\platform\vulkan\VK.cpp">
      <Filter>excimer\platform\vulkan</Filter>
    </ClCompile>
    <ClCompile Include="src\excimer\platform\vulkan\VKBuffer.cpp">
      <Filter>excimer\platform\vulkan</Filter>
    </ClCompile>
    <ClCompile Include="src\excimer\platform\vulkan\VKCommandBuffer.cpp">
      <Filter>excimer\platform\vulkan</Filter>
    </ClCompile>
    <ClCompile Include="src\excimer\platform\vulkan\VKCommandPool.cpp">
      <Filter>excimer\platform\vulkan</Filter>
    </ClCompile>
    <ClCompile Include="src\excimer\platform\vulkan\VKContext.cpp">
      <Filter>excimer\platform\vulkan</Filter>
    </ClCompile>
    <ClCompile Include="src\excimer\platform\vulkan\VKDescriptorSet.cpp">
      <Filter>excimer\platform\vulkan</Filter>
    </ClCompile>
    <ClCompile Include="src\excimer\platform\vulkan\VKDevice.cpp">
      <Filter>excimer\platform\vulkan</Filter>
    </ClCompile>
    <ClCompile Include="src\excimer\platform\vulkan\VKFence.cpp">
      <Filter>excimer\platform\vulkan</Filter>
    </ClCompile>
    <ClCompile Include="src\excimer\platform\vulkan\VKFramebuffer.cpp">
      <Filter>excimer\platform\vulkan</Filter>
    </ClCompile>
    <ClCompile Include="src\excimer\platform\vulkan\VKFunctions.cpp">
      <Filter>excimer\platform\vulkan</Filter>
    </ClCompile>
    <ClCompile Include="src\excimer\platform\vulkan\VKIMGUIRenderer.cpp">
      <Filter>excimer\platform\vulkan</Filter>
    </ClCompile>
    <ClCompile Include="src\excimer\platform\vulkan\VKIndexBuffer.cpp">
      <Filter>excimer\platform\vulkan</Filter>
    </ClCompile>
    <ClCompile Include="src\excimer\platform\vulkan\VKPipeline.cpp">
      <Filter>excimer\platform\vulkan</Filter>
    </ClCompile>
    <ClCompile Include="src\excimer\platform\vulkan\VKRenderDevice.cpp">
      <Filter>excimer\platform\vulkan</Filter>
    </ClCompile>
    <ClCompile Include="src\excimer\platform\vulkan\VKRenderPass.cpp">
      <Filter>excimer\platform\vulkan</Filter>
    </ClCompile>
    <ClCompile Include="src\excimer\platform\vulkan\VKRenderer.cpp">
      <Filter>excimer\platform\vulkan</Filter>
    </ClCompile>
    <ClCompile Include="src\excimer\platform\vulkan\VKShader.cpp">
      <Filter>excimer\platform\vulkan</Filter>
    </ClCompile>
    <ClCompile Include="src\excimer\platform\vulkan\VKSwapChain.cpp">
      <Filter>excimer\platform\vulkan</Filter>
    </ClCompile>
    <ClCompile Include="src\excimer\platform\vulkan\VKTexture.cpp">
      <Filter>excimer\platform\vulkan</Filter>
    </ClCompile>
    <ClCompile Include="src\excimer\platform\vulkan\VKUniformBuffer.cpp">
      <Filter>excimer\platform\vulkan</Filter>
    </ClCompile>
    <ClCompile Include="src\excimer\platform\vulkan\VKUtilities.cpp">
      <Filter>excimer\platform\vulkan</Filter>
    </ClCompile>
    <ClCompile Include="src\excimer\platform\vulkan\VKVertexBuffer.cpp">
      <Filter>excimer\platform\vulkan</Filter>
    </ClCompile>
    <ClCompile Include="src\excimer\platform\windows\WindowsFileSystem.cpp">
      <Filter>excimer\platform\windows</Filter>
    </ClCompile>
    <ClCompile Include="src\excimer\platform\windows\WindowsOS.cpp">
      <Filter>excimer\platform\windows</Filter>
    </ClCompile>
    <ClCompile Include="src\excimer\platform\windows\WindowsTimer.cpp">
      <Filter>excimer\platform\windows</Filter>
    </ClCompile>
    <ClCompile Include="src\excimer\platform\windows\WindowsUtilities.cpp">
      <Filter>excimer\platform\windows</Filter>
    </ClCompile>
    <ClCompile Include="src\excimer\platform\windows\WindowsVulkan.cpp">
      <Filter>excimer\platform\windows</Filter>
    </ClCompile>
    <ClCompile Include="src\excimer\scene\EntityManager.cpp">
      <Filter>excimer\scene</Filter>
    </ClCompile>
    <ClCompile Include="src\excimer\scene\Scene.cpp">
      <Filter>excimer\scene</Filter>
    </ClCompile>
    <ClCompile Include="src\excimer\scene\SceneGraph.cpp">
      <Filter>excimer\scene</Filter>
    </ClCompile>
    <ClCompile Include="src\excimer\scene\SceneManager.cpp">
      <Filter>excimer\scene</Filter>
    </ClCompile>
    <ClCompile Include="src\excimer\scene\component\ModelComponent.cpp">
      <Filter>excimer\scene\component</Filter>
    </ClCompile>
    <ClCompile Include="src\excimer\scene\component\TextureMatrixComponent.cpp">
      <Filter>excimer\scene\component</Filter>
    </ClCompile>
    <ClCompile Include="src\excimer\utilities\ExternalBuild.cpp">
      <Filter>excimer\utilities</Filter>
    </ClCompile>
    <ClCompile Include="src\excimer\utilities\LoadImage.cpp">
      <Filter>excimer\utilities</Filter>
    </ClCompile>
    <ClCompile Include="src\excimer\utilities\TimeStep.cpp">
      <Filter>excimer\utilities</Filter>
    </ClCompile>
    <ClCompile Include="src\excimer\utilities\Timer.cpp">
      <Filter>excimer\utilities</Filter>
    </ClCompile>
    <ClCompile Include="src\hzpch.cpp" />
    <ClCompile Include="src\excimer\graphics\renderers\GridRenderer.cpp" />
  </ItemGroup>
</Project>