<?xml version="1.0" encoding="utf-8"?>
<Project ToolsVersion="4.0" xmlns="http://schemas.microsoft.com/developer/msbuild/2003">
  <ItemGroup>
    <Filter Include="excimer">
      <UniqueIdentifier>{D28B9F81-3E6B-1E1D-4783-A9F3B3E1847E}</UniqueIdentifier>
    </Filter>
    <Filter Include="excimer\core">
      <UniqueIdentifier>{8A6F7487-76D2-032C-1F58-3CE20B9ACFAE}</UniqueIdentifier>
    </Filter>
    <Filter Include="excimer\core\os">
      <UniqueIdentifier>{FB911E00-671D-8CC4-702E-0FB9DC38E8C4}</UniqueIdentifier>
    </Filter>
    <Filter Include="excimer\maths">
      <UniqueIdentifier>{DEB1AF76-4A72-2BAD-13AD-742A7F2C7089}</UniqueIdentifier>
    </Filter>
    <Filter Include="excimer\platform">
      <UniqueIdentifier>{86D0DFF5-72C9-FE47-9BFB-E3CC8753DE53}</UniqueIdentifier>
    </Filter>
    <Filter Include="excimer\platform\glfw">
      <UniqueIdentifier>{05E861E6-7154-1DE1-3A48-B53EA6733F49}</UniqueIdentifier>
    </Filter>
    <Filter Include="excimer\platform\windows">
      <UniqueIdentifier>{E038289F-CC5D-771F-F5A8-5CAFE12C763D}</UniqueIdentifier>
    </Filter>
    <Filter Include="excimer\utilities">
      <UniqueIdentifier>{DD3EB8AF-4955-B645-92CC-4167FE2187CD}</UniqueIdentifier>
    </Filter>
  </ItemGroup>
  <ItemGroup>
    <ClInclude Include="src\excimer\core\Application.h">
      <Filter>excimer\core</Filter>
    </ClInclude>
    <ClInclude Include="src\excimer\core\Core.h">
      <Filter>excimer\core</Filter>
    </ClInclude>
    <ClInclude Include="src\excimer\core\CoreSystem.h">
      <Filter>excimer\core</Filter>
    </ClInclude>
    <ClInclude Include="src\excimer\core\EntryPoint.h">
      <Filter>excimer\core</Filter>
    </ClInclude>
    <ClInclude Include="src\excimer\core\ExLog.h">
      <Filter>excimer\core</Filter>
    </ClInclude>
    <ClInclude Include="src\excimer\core\JobSystem.h">
      <Filter>excimer\core</Filter>
    </ClInclude>
    <ClInclude Include="src\excimer\core\Profiler.h">
      <Filter>excimer\core</Filter>
    </ClInclude>
    <ClInclude Include="src\excimer\core\VFS.h">
      <Filter>excimer\core</Filter>
    </ClInclude>
    <ClInclude Include="src\excimer\core\Version.h">
      <Filter>excimer\core</Filter>
    </ClInclude>
    <ClInclude Include="src\excimer\core\os\FileSystem.h">
      <Filter>excimer\core\os</Filter>
    </ClInclude>
    <ClInclude Include="src\excimer\core\os\Window.h">
      <Filter>excimer\core\os</Filter>
    </ClInclude>
    <ClInclude Include="src\excimer\core\os\os.h">
      <Filter>excimer\core\os</Filter>
    </ClInclude>
    <ClInclude Include="src\excimer\maths\Maths.h">
      <Filter>excimer\maths</Filter>
    </ClInclude>
    <ClInclude Include="src\excimer\maths\MathsUtilities.h">
      <Filter>excimer\maths</Filter>
    </ClInclude>
    <ClInclude Include="src\excimer\platform\glfw\GLFWWindow.h">
      <Filter>excimer\platform\glfw</Filter>
    </ClInclude>
    <ClInclude Include="src\excimer\platform\windows\WindowsOS.h">
      <Filter>excimer\platform\windows</Filter>
    </ClInclude>
    <ClInclude Include="src\excimer\platform\windows\WindowsUtilities.h">
      <Filter>excimer\platform\windows</Filter>
    </ClInclude>
    <ClInclude Include="src\excimer\utilities\TSingleton.h">
      <Filter>excimer\utilities</Filter>
    </ClInclude>
    <ClInclude Include="src\excimerengine.h" />
    <ClInclude Include="src\hzpch.h" />
  </ItemGroup>
  <ItemGroup>
    <ClCompile Include="src\excimer\core\Application.cpp">
      <Filter>excimer\core</Filter>
    </ClCompile>
    <ClCompile Include="src\excimer\core\CoreSystem.cpp">
      <Filter>excimer\core</Filter>
    </ClCompile>
    <ClCompile Include="src\excimer\core\ExLog.cpp">
      <Filter>excimer\core</Filter>
    </ClCompile>
    <ClCompile Include="src\excimer\core\JobSystem.cpp">
      <Filter>excimer\core</Filter>
    </ClCompile>
    <ClCompile Include="src\excimer\core\VFS.cpp">
      <Filter>excimer\core</Filter>
    </ClCompile>
    <ClCompile Include="src\excimer\core\os\FileSystem.cpp">
      <Filter>excimer\core\os</Filter>
    </ClCompile>
    <ClCompile Include="src\excimer\core\os\Window.cpp">
      <Filter>excimer\core\os</Filter>
    </ClCompile>
    <ClCompile Include="src\excimer\core\os\os.cpp">
      <Filter>excimer\core\os</Filter>
    </ClCompile>
    <ClCompile Include="src\excimer\maths\Maths.cpp">
      <Filter>excimer\maths</Filter>
    </ClCompile>
    <ClCompile Include="src\excimer\maths\MathsUtilities.cpp">
      <Filter>excimer\maths</Filter>
    </ClCompile>
    <ClCompile Include="src\excimer\platform\glfw\GLFWWindow.cpp">
      <Filter>excimer\platform\glfw</Filter>
    </ClCompile>
    <ClCompile Include="src\excimer\platform\windows\WindowsFileSystem.cpp">
      <Filter>excimer\platform\windows</Filter>
    </ClCompile>
    <ClCompile Include="src\excimer\platform\windows\WindowsOS.cpp">
      <Filter>excimer\platform\windows</Filter>
    </ClCompile>
    <ClCompile Include="src\excimer\platform\windows\WindowsUtilities.cpp">
      <Filter>excimer\platform\windows</Filter>
    </ClCompile>
    <ClCompile Include="src\hzpch.cpp" />
  </ItemGroup>
</Project>