<?xml version="1.0" encoding="utf-8"?>
<Project ToolsVersion="4.0" xmlns="http://schemas.microsoft.com/developer/msbuild/2003">
  <ItemGroup>
    <Filter Include="excimer">
      <UniqueIdentifier>{D28B9F81-3E6B-1E1D-4783-A9F3B3E1847E}</UniqueIdentifier>
    </Filter>
    <Filter Include="excimer\external">
      <UniqueIdentifier>{64A60F96-509F-2EE8-79D1-136D65290EF4}</UniqueIdentifier>
    </Filter>
    <Filter Include="excimer\external\Tracy">
      <UniqueIdentifier>{568E466E-4288-6FC0-2BF5-05D1178ED52C}</UniqueIdentifier>
    </Filter>
    <Filter Include="excimer\external\vulkan">
      <UniqueIdentifier>{842FA486-F066-EC1D-F970-504165271317}</UniqueIdentifier>
    </Filter>
    <Filter Include="excimer\external\vulkan\volk">
      <UniqueIdentifier>{EF9C1727-DB57-07D3-840F-801D70A95163}</UniqueIdentifier>
    </Filter>
    <Filter Include="src">
      <UniqueIdentifier>{2DAB880B-99B4-887C-2230-9F7C8E38947C}</UniqueIdentifier>
    </Filter>
  </ItemGroup>
  <ItemGroup>
    <ClInclude Include="src\Editor.h">
      <Filter>src</Filter>
    </ClInclude>
    <ClInclude Include="src\EditorPanel.h" />
    <ClInclude Include="src\EditorSettingsPanel.h" />
    <ClInclude Include="src\SceneViewPanel.h" />
    <ClInclude Include="src\InspectorPanel.h" />
    <ClInclude Include="src\HierarchyPanel.h" />
    <ClInclude Include="src\FileBrowserPanel.h" />
  </ItemGroup>
  <ItemGroup>
    <ClCompile Include="src\Editor.cpp">
      <Filter>src</Filter>
    </ClCompile>
    <ClCompile Include="src\excimereditor.cpp">
      <Filter>src</Filter>
    </ClCompile>
    <ClCompile Include="src\EditorSettingsPanel.cpp" />
    <ClCompile Include="src\SceneViewPanel.cpp" />
    <ClCompile Include="src\InspectorPanel.cpp" />
    <ClCompile Include="src\HierarchyPanel.cpp" />
    <ClCompile Include="src\FileBrowserPanel.cpp" />
  </ItemGroup>
</Project>